
Microsoft Visual Studio Solution File, Format Version 12.00
# Visual Studio 15
VisualStudioVersion = 15.0.28010.2003
MinimumVisualStudioVersion = 10.0.40219.1
Project("{FAE04EC0-301F-11D3-BF4B-00C04F79EFBC}") = "Imdex", "Imdex\Imdex.csproj", "{3AEABEDF-A3C2-48CF-B99F-918114200AF6}"
EndProject
Global
	GlobalSection(SolutionConfigurationPlatforms) = preSolution
		Debug|Any CPU = Debug|Any CPU
		Release|Any CPU = Release|Any CPU
	EndGlobalSection
	GlobalSection(ProjectConfigurationPlatforms) = postSolution
		{3AEABEDF-A3C2-48CF-B99F-918114200AF6}.Debug|Any CPU.ActiveCfg = Debug|Any CPU
		{3AEABEDF-A3C2-48CF-B99F-918114200AF6}.Debug|Any CPU.Build.0 = Debug|Any CPU
		{3AEABEDF-A3C2-48CF-B99F-918114200AF6}.Release|Any CPU.ActiveCfg = Release|Any CPU
		{3AEABEDF-A3C2-48CF-B99F-918114200AF6}.Release|Any CPU.Build.0 = Release|Any CPU
	EndGlobalSection
	GlobalSection(SolutionProperties) = preSolution
		HideSolutionNode = FALSE
	EndGlobalSection
	GlobalSection(ExtensibilityGlobals) = postSolution
		SolutionGuid = {5C0FFCEF-000F-4C25-AFFA-58AB1F81B8CD}
	EndGlobalSection
EndGlobal
